// !$*UTF8*$!
{
	archiveVersion = 1;
	classes = {
	};
	objectVersion = 46;
	objects = {

/* Begin PBXBuildFile section */
		842754391D2E146700E49AB0 /* main.m in Sources */ = {isa = PBXBuildFile; fileRef = 842754381D2E146700E49AB0 /* main.m */; };
		842754421D2E149600E49AB0 /* Rubbish.m in Sources */ = {isa = PBXBuildFile; fileRef = 842754411D2E149600E49AB0 /* Rubbish.m */; };
		842754461D2E157D00E49AB0 /* Grass.m in Sources */ = {isa = PBXBuildFile; fileRef = 842754451D2E157D00E49AB0 /* Grass.m */; };
		842754491D2E16E200E49AB0 /* Animal.m in Sources */ = {isa = PBXBuildFile; fileRef = 842754481D2E16E200E49AB0 /* Animal.m */; };
		8427544C1D2E1C8900E49AB0 /* Herbivore.m in Sources */ = {isa = PBXBuildFile; fileRef = 8427544B1D2E1C8900E49AB0 /* Herbivore.m */; };
		8427544F1D2E204C00E49AB0 /* Predator.m in Sources */ = {isa = PBXBuildFile; fileRef = 8427544E1D2E204C00E49AB0 /* Predator.m */; };
		842754521D2E269800E49AB0 /* Forest.m in Sources */ = {isa = PBXBuildFile; fileRef = 842754511D2E269800E49AB0 /* Forest.m */; };
/* End PBXBuildFile section */

/* Begin PBXCopyFilesBuildPhase section */
		842754331D2E146700E49AB0 /* CopyFiles */ = {
			isa = PBXCopyFilesBuildPhase;
			buildActionMask = 2147483647;
			dstPath = /usr/share/man/man1/;
			dstSubfolderSpec = 0;
			files = (
			);
			runOnlyForDeploymentPostprocessing = 1;
		};
/* End PBXCopyFilesBuildPhase section */

/* Begin PBXFileReference section */
		842754351D2E146700E49AB0 /* LifeOfForest */ = {isa = PBXFileReference; explicitFileType = "compiled.mach-o.executable"; includeInIndex = 0; path = LifeOfForest; sourceTree = BUILT_PRODUCTS_DIR; };
		842754381D2E146700E49AB0 /* main.m */ = {isa = PBXFileReference; lastKnownFileType = sourcecode.c.objc; path = main.m; sourceTree = "<group>"; };
		842754401D2E149600E49AB0 /* Rubbish.h */ = {isa = PBXFileReference; fileEncoding = 4; lastKnownFileType = sourcecode.c.h; path = Rubbish.h; sourceTree = "<group>"; };
		842754411D2E149600E49AB0 /* Rubbish.m */ = {isa = PBXFileReference; fileEncoding = 4; lastKnownFileType = sourcecode.c.objc; path = Rubbish.m; sourceTree = "<group>"; };
		842754431D2E154D00E49AB0 /* Eatable.h */ = {isa = PBXFileReference; lastKnownFileType = sourcecode.c.h; path = Eatable.h; sourceTree = "<group>"; };
		842754441D2E157D00E49AB0 /* Grass.h */ = {isa = PBXFileReference; fileEncoding = 4; lastKnownFileType = sourcecode.c.h; path = Grass.h; sourceTree = "<group>"; };
		842754451D2E157D00E49AB0 /* Grass.m */ = {isa = PBXFileReference; fileEncoding = 4; lastKnownFileType = sourcecode.c.objc; path = Grass.m; sourceTree = "<group>"; };
		842754471D2E16E200E49AB0 /* Animal.h */ = {isa = PBXFileReference; fileEncoding = 4; lastKnownFileType = sourcecode.c.h; path = Animal.h; sourceTree = "<group>"; };
		842754481D2E16E200E49AB0 /* Animal.m */ = {isa = PBXFileReference; fileEncoding = 4; lastKnownFileType = sourcecode.c.objc; path = Animal.m; sourceTree = "<group>"; };
		8427544A1D2E1C8900E49AB0 /* Herbivore.h */ = {isa = PBXFileReference; fileEncoding = 4; lastKnownFileType = sourcecode.c.h; path = Herbivore.h; sourceTree = "<group>"; };
		8427544B1D2E1C8900E49AB0 /* Herbivore.m */ = {isa = PBXFileReference; fileEncoding = 4; lastKnownFileType = sourcecode.c.objc; path = Herbivore.m; sourceTree = "<group>"; };
		8427544D1D2E204C00E49AB0 /* Predator.h */ = {isa = PBXFileReference; fileEncoding = 4; lastKnownFileType = sourcecode.c.h; path = Predator.h; sourceTree = "<group>"; };
		8427544E1D2E204C00E49AB0 /* Predator.m */ = {isa = PBXFileReference; fileEncoding = 4; lastKnownFileType = sourcecode.c.objc; path = Predator.m; sourceTree = "<group>"; };
		842754501D2E269800E49AB0 /* Forest.h */ = {isa = PBXFileReference; fileEncoding = 4; lastKnownFileType = sourcecode.c.h; path = Forest.h; sourceTree = "<group>"; };
		842754511D2E269800E49AB0 /* Forest.m */ = {isa = PBXFileReference; fileEncoding = 4; lastKnownFileType = sourcecode.c.objc; path = Forest.m; sourceTree = "<group>"; };
/* End PBXFileReference section */

/* Begin PBXFrameworksBuildPhase section */
		842754321D2E146700E49AB0 /* Frameworks */ = {
			isa = PBXFrameworksBuildPhase;
			buildActionMask = 2147483647;
			files = (
			);
			runOnlyForDeploymentPostprocessing = 0;
		};
/* End PBXFrameworksBuildPhase section */

/* Begin PBXGroup section */
		8427542C1D2E146700E49AB0 = {
			isa = PBXGroup;
			children = (
				842754371D2E146700E49AB0 /* LifeOfForest */,
				842754361D2E146700E49AB0 /* Products */,
			);
			sourceTree = "<group>";
		};
		842754361D2E146700E49AB0 /* Products */ = {
			isa = PBXGroup;
			children = (
				842754351D2E146700E49AB0 /* LifeOfForest */,
			);
			name = Products;
			sourceTree = "<group>";
		};
		842754371D2E146700E49AB0 /* LifeOfForest */ = {
			isa = PBXGroup;
			children = (
				842754431D2E154D00E49AB0 /* Eatable.h */,
				842754381D2E146700E49AB0 /* main.m */,
				842754471D2E16E200E49AB0 /* Animal.h */,
				842754481D2E16E200E49AB0 /* Animal.m */,
				842754401D2E149600E49AB0 /* Rubbish.h */,
				842754411D2E149600E49AB0 /* Rubbish.m */,
				842754441D2E157D00E49AB0 /* Grass.h */,
				842754451D2E157D00E49AB0 /* Grass.m */,
				8427544A1D2E1C8900E49AB0 /* Herbivore.h */,
				8427544B1D2E1C8900E49AB0 /* Herbivore.m */,
				8427544D1D2E204C00E49AB0 /* Predator.h */,
				8427544E1D2E204C00E49AB0 /* Predator.m */,
				842754501D2E269800E49AB0 /* Forest.h */,
				842754511D2E269800E49AB0 /* Forest.m */,
			);
			path = LifeOfForest;
			sourceTree = "<group>";
		};
/* End PBXGroup section */

/* Begin PBXNativeTarget section */
		842754341D2E146700E49AB0 /* LifeOfForest */ = {
			isa = PBXNativeTarget;
			buildConfigurationList = 8427543C1D2E146700E49AB0 /* Build configuration list for PBXNativeTarget "LifeOfForest" */;
			buildPhases = (
				842754311D2E146700E49AB0 /* Sources */,
				842754321D2E146700E49AB0 /* Frameworks */,
				842754331D2E146700E49AB0 /* CopyFiles */,
			);
			buildRules = (
			);
			dependencies = (
			);
			name = LifeOfForest;
			productName = LifeOfForest;
			productReference = 842754351D2E146700E49AB0 /* LifeOfForest */;
			productType = "com.apple.product-type.tool";
		};
/* End PBXNativeTarget section */

/* Begin PBXProject section */
		8427542D1D2E146700E49AB0 /* Project object */ = {
			isa = PBXProject;
			attributes = {
				LastUpgradeCheck = 0730;
				ORGANIZATIONNAME = Saveliy;
				TargetAttributes = {
					842754341D2E146700E49AB0 = {
						CreatedOnToolsVersion = 7.3.1;
					};
				};
			};
			buildConfigurationList = 842754301D2E146700E49AB0 /* Build configuration list for PBXProject "LifeOfForest" */;
			compatibilityVersion = "Xcode 3.2";
			developmentRegion = English;
			hasScannedForEncodings = 0;
			knownRegions = (
				en,
			);
			mainGroup = 8427542C1D2E146700E49AB0;
			productRefGroup = 842754361D2E146700E49AB0 /* Products */;
			projectDirPath = "";
			projectRoot = "";
			targets = (
				842754341D2E146700E49AB0 /* LifeOfForest */,
			);
		};
/* End PBXProject section */

/* Begin PBXSourcesBuildPhase section */
		842754311D2E146700E49AB0 /* Sources */ = {
			isa = PBXSourcesBuildPhase;
			buildActionMask = 2147483647;
			files = (
				842754461D2E157D00E49AB0 /* Grass.m in Sources */,
				842754521D2E269800E49AB0 /* Forest.m in Sources */,
				842754491D2E16E200E49AB0 /* Animal.m in Sources */,
				8427544F1D2E204C00E49AB0 /* Predator.m in Sources */,
				8427544C1D2E1C8900E49AB0 /* Herbivore.m in Sources */,
				842754391D2E146700E49AB0 /* main.m in Sources */,
				842754421D2E149600E49AB0 /* Rubbish.m in Sources */,
			);
			runOnlyForDeploymentPostprocessing = 0;
		};
/* End PBXSourcesBuildPhase section */

/* Begin XCBuildConfiguration section */
		8427543A1D2E146700E49AB0 /* Debug */ = {
			isa = XCBuildConfiguration;
			buildSettings = {
				ALWAYS_SEARCH_USER_PATHS = NO;
				CLANG_ANALYZER_NONNULL = YES;
				CLANG_CXX_LANGUAGE_STANDARD = "gnu++0x";
				CLANG_CXX_LIBRARY = "libc++";
				CLANG_ENABLE_MODULES = YES;
				CLANG_ENABLE_OBJC_ARC = YES;
				CLANG_WARN_BOOL_CONVERSION = YES;
				CLANG_WARN_CONSTANT_CONVERSION = YES;
				CLANG_WARN_DIRECT_OBJC_ISA_USAGE = YES_ERROR;
				CLANG_WARN_EMPTY_BODY = YES;
				CLANG_WARN_ENUM_CONVERSION = YES;
				CLANG_WARN_INT_CONVERSION = YES;
				CLANG_WARN_OBJC_ROOT_CLASS = YES_ERROR;
				CLANG_WARN_UNREACHABLE_CODE = YES;
				CLANG_WARN__DUPLICATE_METHOD_MATCH = YES;
				CODE_SIGN_IDENTITY = "-";
				COPY_PHASE_STRIP = NO;
				DEBUG_INFORMATION_FORMAT = dwarf;
				ENABLE_STRICT_OBJC_MSGSEND = YES;
				ENABLE_TESTABILITY = YES;
				GCC_C_LANGUAGE_STANDARD = gnu99;
				GCC_DYNAMIC_NO_PIC = NO;
				GCC_NO_COMMON_BLOCKS = YES;
				GCC_OPTIMIZATION_LEVEL = 0;
				GCC_PREPROCESSOR_DEFINITIONS = (
					"DEBUG=1",
					"$(inherited)",
				);
				GCC_WARN_64_TO_32_BIT_CONVERSION = YES;
				GCC_WARN_ABOUT_RETURN_TYPE = YES_ERROR;
				GCC_WARN_UNDECLARED_SELECTOR = YES;
				GCC_WARN_UNINITIALIZED_AUTOS = YES_AGGRESSIVE;
				GCC_WARN_UNUSED_FUNCTION = YES;
				GCC_WARN_UNUSED_VARIABLE = YES;
				MACOSX_DEPLOYMENT_TARGET = 10.11;
				MTL_ENABLE_DEBUG_INFO = YES;
				ONLY_ACTIVE_ARCH = YES;
				SDKROOT = macosx;
			};
			name = Debug;
		};
		8427543B1D2E146700E49AB0 /* Release */ = {
			isa = XCBuildConfiguration;
			buildSettings = {
				ALWAYS_SEARCH_USER_PATHS = NO;
				CLANG_ANALYZER_NONNULL = YES;
				CLANG_CXX_LANGUAGE_STANDARD = "gnu++0x";
				CLANG_CXX_LIBRARY = "libc++";
				CLANG_ENABLE_MODULES = YES;
				CLANG_ENABLE_OBJC_ARC = YES;
				CLANG_WARN_BOOL_CONVERSION = YES;
				CLANG_WARN_CONSTANT_CONVERSION = YES;
				CLANG_WARN_DIRECT_OBJC_ISA_USAGE = YES_ERROR;
				CLANG_WARN_EMPTY_BODY = YES;
				CLANG_WARN_ENUM_CONVERSION = YES;
				CLANG_WARN_INT_CONVERSION = YES;
				CLANG_WARN_OBJC_ROOT_CLASS = YES_ERROR;
				CLANG_WARN_UNREACHABLE_CODE = YES;
				CLANG_WARN__DUPLICATE_METHOD_MATCH = YES;
				CODE_SIGN_IDENTITY = "-";
				COPY_PHASE_STRIP = NO;
				DEBUG_INFORMATION_FORMAT = "dwarf-with-dsym";
				ENABLE_NS_ASSERTIONS = NO;
				ENABLE_STRICT_OBJC_MSGSEND = YES;
				GCC_C_LANGUAGE_STANDARD = gnu99;
				GCC_NO_COMMON_BLOCKS = YES;
				GCC_WARN_64_TO_32_BIT_CONVERSION = YES;
				GCC_WARN_ABOUT_RETURN_TYPE = YES_ERROR;
				GCC_WARN_UNDECLARED_SELECTOR = YES;
				GCC_WARN_UNINITIALIZED_AUTOS = YES_AGGRESSIVE;
				GCC_WARN_UNUSED_FUNCTION = YES;
				GCC_WARN_UNUSED_VARIABLE = YES;
				MACOSX_DEPLOYMENT_TARGET = 10.11;
				MTL_ENABLE_DEBUG_INFO = NO;
				SDKROOT = macosx;
			};
			name = Release;
		};
		8427543D1D2E146700E49AB0 /* Debug */ = {
			isa = XCBuildConfiguration;
			buildSettings = {
				PRODUCT_NAME = "$(TARGET_NAME)";
			};
			name = Debug;
		};
		8427543E1D2E146700E49AB0 /* Release */ = {
			isa = XCBuildConfiguration;
			buildSettings = {
				PRODUCT_NAME = "$(TARGET_NAME)";
			};
			name = Release;
		};
/* End XCBuildConfiguration section */

/* Begin XCConfigurationList section */
		842754301D2E146700E49AB0 /* Build configuration list for PBXProject "LifeOfForest" */ = {
			isa = XCConfigurationList;
			buildConfigurations = (
				8427543A1D2E146700E49AB0 /* Debug */,
				8427543B1D2E146700E49AB0 /* Release */,
			);
			defaultConfigurationIsVisible = 0;
			defaultConfigurationName = Release;
		};
		8427543C1D2E146700E49AB0 /* Build configuration list for PBXNativeTarget "LifeOfForest" */ = {
			isa = XCConfigurationList;
			buildConfigurations = (
				8427543D1D2E146700E49AB0 /* Debug */,
				8427543E1D2E146700E49AB0 /* Release */,
			);
			defaultConfigurationIsVisible = 0;
			defaultConfigurationName = Release;
		};
/* End XCConfigurationList section */
	};
	rootObject = 8427542D1D2E146700E49AB0 /* Project object */;
}
